
Microsoft Visual Studio Solution File, Format Version 12.00
# Visual Studio Version 17
VisualStudioVersion = 17.13.35806.99 d17.13
MinimumVisualStudioVersion = 10.0.40219.1
Project("{FAE04EC0-301F-11D3-BF4B-00C04F79EFBC}") = "PBAPP", "PBAPP\PBAPP.csproj", "{798C6682-16A7-40CE-9047-54391B4D8BEC}"
EndProject
Global
	GlobalSection(SolutionConfigurationPlatforms) = preSolution
		Debug|Any CPU = Debug|Any CPU
		Release|Any CPU = Release|Any CPU
	EndGlobalSection
	GlobalSection(ProjectConfigurationPlatforms) = postSolution
		{798C6682-16A7-40CE-9047-54391B4D8BEC}.Debug|Any CPU.ActiveCfg = Debug|Any CPU
		{798C6682-16A7-40CE-9047-54391B4D8BEC}.Debug|Any CPU.Build.0 = Debug|Any CPU
		{798C6682-16A7-40CE-9047-54391B4D8BEC}.Release|Any CPU.ActiveCfg = Release|Any CPU
		{798C6682-16A7-40CE-9047-54391B4D8BEC}.Release|Any CPU.Build.0 = Release|Any CPU
	EndGlobalSection
	GlobalSection(SolutionProperties) = preSolution
		HideSolutionNode = FALSE
	EndGlobalSection
	GlobalSection(ExtensibilityGlobals) = postSolution
		SolutionGuid = {67FE3C79-8776-4A52-B6C5-06E2E5DFC3AF}
	EndGlobalSection
EndGlobal
